{
    "_meta": {
        "hash": {
            "sha256": "0c620e80559f70a8e7f8351c9cfd6d629742d2fe16983912254145181ca18baa"
        },
        "pipfile-spec": 6,
        "requires": {
            "python_version": "3.7"
        },
        "sources": [
            {
                "name": "pypi",
                "url": "https://pypi.org/simple",
                "verify_ssl": true
            }
        ]
    },
    "default": {
        "avro-python3": {
            "hashes": [
                "sha256:a455c215540b1fceb1823e2a918e94959b54cb363307c97869aa46b5b55bde05"
            ],
            "version": "==1.10.0"
        },
        "certifi": {
            "hashes": [
                "sha256:35824b4c3a97115964b408844d64aa14db1cc518f6562e8d7261699d1350a9e3",
                "sha256:4ad3232f5e926d6718ec31cfc1fcadfde020920e278684144551c91769c7bc18"
            ],
            "index": "pypi",
            "version": "==2022.12.7"
        },
        "charset-normalizer": {
            "hashes": [
                "sha256:5a3d016c7c547f69d6f81fb0db9449ce888b418b5b9952cc5e6e66843e9dd845",
                "sha256:83e9a75d1911279afd89352c68b45348559d1fc0506b054b346651b5e7fee29f"
            ],
            "markers": "python_version >= '3.6'",
            "version": "==2.1.1"
        },
        "confluent-kafka": {
            "extras": [
                "avro",
                "fastavro",
                "protobuf"
            ],
            "hashes": [
                "sha256:00acc73f7d49961bf427f5e4fd6c0a220a6bfa5ccc91e0ad1f9ffa1751a169b0",
                "sha256:0a59afbb90bdd22b9acdd3bb134f5ee1dff3cc5df55eaf52bf97b2f8d0d00de3",
                "sha256:13b0e2011560f461ff39daf38089dd7f91404b3e66dba0456ccce0700f93c4f2",
                "sha256:175c7064c8f19975616974558c45f42c147a202d4b1c0b0a83afefb920367696",
                "sha256:22d7201d1aa89f1c5546749e781492925ed3eb0d7bd8f781fc57294cd45ddde3",
                "sha256:3034cacc3b0d03eb3ce39cc5a64c1070d223870246f5d90c9113996be9db7df8",
                "sha256:3e2d4f55ca952aeada3831d6615dc13a8a42c8e97175855ca08bbc6e6091b080",
                "sha256:5a1c47320d6afc5b2599f8f8e143aed6845a2d903facde984606e02f10f11221",
                "sha256:7b03bd9cc7b5e4df0a27eed359762c61a35313d4981ef1d9b418069eee454e66",
                "sha256:85ff4823770ce2efaabb46d88e5ae26a840e0051fd481abaa805f21a5a84d003",
                "sha256:9534cd2c0313df75b70eb4cf729382998970d97bbdda5cf3aef7081b855ccebe",
                "sha256:99b13d0957a5967c85aee6138ef5f9acec90294267a549c5683744f20cf5d7b4",
                "sha256:9a1c77291c1ac4b991aa0358f2f44636686eb8f52fb628502d30c312160a14e9",
                "sha256:9ac812006000887f76c95b8a33a9f0b65845bf072fbc54a42a1acffd34e41120",
                "sha256:9c47b8aacfe347bffd86bf75b98626718912b63df87f256dff1abc06a0355410",
                "sha256:a116382ae67e0d6a54684bab4ee9b1be54e789d031a6e5e74c3edc657c79d23c",
                "sha256:b1c89f3653385acc5da71570e03281f35ac6960367f2b2a426ae431deb1a1a35",
                "sha256:bb77276d569f511abe4a5b32a53f8a30285bc7be68219e5711a44720bf356ac2",
                "sha256:bbd9633552840ab9367fb762ea21272759db8caec2c34ff16ee28be177644cdf",
                "sha256:bfdfa81e4e72d2c24e408a5e199aae0a477499ae40647dfa6906d002d9b07f38",
                "sha256:c7461d6db081c23a6d38ceba348e7c178d7e974cf22c45ba8a4918ecb8855a44",
                "sha256:d6a5d4c72360a75e875e88f7cce42b66a786d037ca2002303ab1c580d49caf53",
                "sha256:dabed41cc60d1fc6d3cb44a90fe02e5192c9bf0f73c7b35761981e62ecabc592",
                "sha256:dd544847c713eeeb525031348ff6ffea4ecdd11c13590893e599a9d4676a9bd4",
                "sha256:eba169a9de8c978c9f33c763857c5279eceac46a4fd55a381c2528b9d4b3359e",
                "sha256:f2d1ee0bfdf618017bbfaa42406546155c1a86263e4f286295318578c723803b"
            ],
            "index": "pypi",
            "version": "==1.5.0"
        },
        "fastavro": {
            "hashes": [
                "sha256:202424a5a7831b773f0f2cc2f82e89ed1726051fd5994f13dc678514144e10d4",
                "sha256:216132bc54da19e97e1531dd69c86282408d4c797749d83b01b3a00862a180de",
                "sha256:492e8902063aa1c73170e11c18495fcaa86b71eae3513ef83ba438ca02b16b34",
                "sha256:4b1205f46489b4032d3155c1ab44d9824be0c7454df98d3a5bd22b78b98f23c8",
                "sha256:4da6d83abd04a804310667f8d1fc23d44e9ed91ed9a9bc9c1fcd906e0c403b12",
                "sha256:54b60e79506a456bcfc940560fa2c73a7a8e3ddc58a1ae4d94fdd99f6b02aef0",
                "sha256:601f8c2ec166bd721f4b12eafe195dd1373d3f8dce4fe2425abd2df3e3968ac7",
                "sha256:63d0d2a2bb3e85d006c834633be51b105a50b0dc7cc8423b06f30601b532adf4",
                "sha256:749206f1cec3d7429546e49db5708f4571497d35181b6b334c4844133f230515",
                "sha256:7aab162f02e64bf82d0282430a3c6ec7a36982b1c5d479e7dcc278e6d62a84b8",
                "sha256:7c664302f94064adeb93403c61c74e07b9710526403eba3b59169f99bb99c55c",
                "sha256:7df57d31cb58770a9066790250e9f4ec91242c69e1dc62ea732a6fb2406a8f96",
                "sha256:91cc9be740abca894082af4fe3ab9db057d4e5fa783cfa9a94c02ec041bf4346",
                "sha256:9e4463b00242e4baf52d499aeefab46a26d9dd18d808d4219cd4d21089da540e",
                "sha256:a07a3245049529d6d9028d664361cc4990e74d035d2303875295e2f7b97eba09",
                "sha256:a0ebd5c1269085179de4b3f072de274fb66a471ecbc5245bd8684e6f94943c2f",
                "sha256:a7e35b94b692f8cca0096c89abf1937efed66252dea0b3b3165babfb3c289fb7",
                "sha256:ab3387a06e272980fa034f5c62f7063977b77df6416d3d30a4d3b49cc8827566",
                "sha256:b905634b5763ca08c9f7b51486e2c3ae7907f5d9bc48208c69b16ccbe8455e90",
                "sha256:c20cf6cd8098bb93c2cffd53d03ccea1dcf9ec594a5c83963acf29a2882f8693",
                "sha256:f7348d318858203bd108e6bcde177d8a6f0590b52bc624d815f26fb6c37029bb"
            ],
            "version": "==1.7.0"
        },
        "idna": {
            "hashes": [
                "sha256:814f528e8dead7d329833b91c5faa87d60bf71824cd12a7530b5526063d02cb4",
                "sha256:90b77e79eaa3eba6de819a0c442c0b4ceefc341a7a2ab77d7562bf49f425c5c2"
            ],
            "markers": "python_version >= '3.5'",
            "version": "==3.4"
        },
        "protobuf": {
            "hashes": [
                "sha256:25266bf373ee06d5d66f9eb1ec9d434b243dccce5c32faf151054cfa6f9dcbf1",
                "sha256:260e346927fd4e6fbb49ab545137b19610c24a1d853dc5f29ddf777ab1987211",
                "sha256:2c6a4d13732d9b094db31b3841986c38b17ac61a3fe05ee26a779d94c4c3fb43",
                "sha256:4922e3320ed70e81f05060822da36923d09fd9e04e17f411f2d8d8d0070f9f5c",
                "sha256:4b75c947289a2e9c1f37d21c593f1ef6fb4fed33977dfb2ac84f799eb29a8ff4",
                "sha256:4d01ef83517c181d60ea1c6d0b2f644be250ade740d6554a2f5a021b1ad622e3",
                "sha256:553e35c0878f6855e55f01a14561e6bce6df79b6636a5acf83b9d9ac7eab7922",
                "sha256:85ccb4753ee21de7dc81a7a68a051f25dbe133ffa01a639ac998427d0b223387",
                "sha256:a5a14b907a191319e7a58b38c583bbf50deb21e002f723a912c5e4f6969a778e",
                "sha256:a944dc9550baae276afc7dc8193191d4c2ad660270a1e5ed5a71539817ebe2e2",
                "sha256:bab4b21a986ded225b9392c07ce21c35d790951f51e1ebfd32e4d443b05c3726",
                "sha256:c3b9e329b4c247dc3ba5c50f60915a84e08278eb6d9e3fa674d0d04ff816bfd7",
                "sha256:d91a47c77b33580024b0271b65bb820c4e0264c25eb49151ad01e691de8fa0b6",
                "sha256:efb16b16fd3eef25357f84d516062753014b76279ce4e0ec4880badd2fba7370"
            ],
            "version": "==4.21.11"
        },
        "python-dotenv": {
            "hashes": [
                "sha256:8c10c99a1b25d9a68058a1ad6f90381a62ba68230ca93966882a4dbc3bc9c33d",
                "sha256:c10863aee750ad720f4f43436565e4c1698798d763b63234fb5021b6c616e423"
            ],
            "index": "pypi",
            "version": "==0.14.0"
        },
        "requests": {
            "hashes": [
                "sha256:7c5599b102feddaa661c826c56ab4fee28bfd17f5abca1ebbe3e7f19d7c97983",
                "sha256:8fefa2a1a1365bf5520aac41836fbee479da67864514bdb821f31ce07ce65349"
            ],
            "version": "==2.28.1"
        },
        "urllib3": {
            "hashes": [
                "sha256:47cc05d99aaa09c9e72ed5809b60e7ba354e64b59c9c173ac3018642d8bb41fc",
                "sha256:c083dd0dce68dbfbe1129d5271cb90f9447dea7d52097c6e0126120c521ddea8"
            ],
            "markers": "python_version >= '2.7' and python_version not in '3.0, 3.1, 3.2, 3.3, 3.4, 3.5'",
            "version": "==1.26.13"
        }
    },
    "develop": {}
}
